
Microsoft Visual Studio Solution File, Format Version 12.00
# Visual Studio Version 17
VisualStudioVersion = 17.7.34202.233
MinimumVisualStudioVersion = 10.0.40219.1
Project("{FAE04EC0-301F-11D3-BF4B-00C04F79EFBC}") = "SaidaDeDados", "SaidaDeDados\SaidaDeDados.csproj", "{EBFE0DAC-5C7F-42D3-83E4-3D0AE9B754C1}"
EndProject
Global
	GlobalSection(SolutionConfigurationPlatforms) = preSolution
		Debug|Any CPU = Debug|Any CPU
		Release|Any CPU = Release|Any CPU
	EndGlobalSection
	GlobalSection(ProjectConfigurationPlatforms) = postSolution
		{EBFE0DAC-5C7F-42D3-83E4-3D0AE9B754C1}.Debug|Any CPU.ActiveCfg = Debug|Any CPU
		{EBFE0DAC-5C7F-42D3-83E4-3D0AE9B754C1}.Debug|Any CPU.Build.0 = Debug|Any CPU
		{EBFE0DAC-5C7F-42D3-83E4-3D0AE9B754C1}.Release|Any CPU.ActiveCfg = Release|Any CPU
		{EBFE0DAC-5C7F-42D3-83E4-3D0AE9B754C1}.Release|Any CPU.Build.0 = Release|Any CPU
	EndGlobalSection
	GlobalSection(SolutionProperties) = preSolution
		HideSolutionNode = FALSE
	EndGlobalSection
	GlobalSection(ExtensibilityGlobals) = postSolution
		SolutionGuid = {C63ECC00-54B8-4C70-AAFF-A47042136AED}
	EndGlobalSection
EndGlobal
