
Microsoft Visual Studio Solution File, Format Version 12.00
# Visual Studio Version 17
VisualStudioVersion = 17.7.34202.233
MinimumVisualStudioVersion = 10.0.40219.1
Project("{FAE04EC0-301F-11D3-BF4B-00C04F79EFBC}") = "OperacoesComTimeSpan", "OperacoesComTimeSpan\OperacoesComTimeSpan.csproj", "{737FF6B2-A144-474B-930E-86D640AC35D9}"
EndProject
Global
	GlobalSection(SolutionConfigurationPlatforms) = preSolution
		Debug|Any CPU = Debug|Any CPU
		Release|Any CPU = Release|Any CPU
	EndGlobalSection
	GlobalSection(ProjectConfigurationPlatforms) = postSolution
		{737FF6B2-A144-474B-930E-86D640AC35D9}.Debug|Any CPU.ActiveCfg = Debug|Any CPU
		{737FF6B2-A144-474B-930E-86D640AC35D9}.Debug|Any CPU.Build.0 = Debug|Any CPU
		{737FF6B2-A144-474B-930E-86D640AC35D9}.Release|Any CPU.ActiveCfg = Release|Any CPU
		{737FF6B2-A144-474B-930E-86D640AC35D9}.Release|Any CPU.Build.0 = Release|Any CPU
	EndGlobalSection
	GlobalSection(SolutionProperties) = preSolution
		HideSolutionNode = FALSE
	EndGlobalSection
	GlobalSection(ExtensibilityGlobals) = postSolution
		SolutionGuid = {AC3F49BB-7548-4793-9628-A3430FD6A971}
	EndGlobalSection
EndGlobal
