
Microsoft Visual Studio Solution File, Format Version 12.00
# Visual Studio Version 17
VisualStudioVersion = 17.7.34202.233
MinimumVisualStudioVersion = 10.0.40219.1
Project("{FAE04EC0-301F-11D3-BF4B-00C04F79EFBC}") = "Action", "Action\Action.csproj", "{4C666FC1-3B69-415C-BBE2-6CB8DE4D0741}"
EndProject
Global
	GlobalSection(SolutionConfigurationPlatforms) = preSolution
		Debug|Any CPU = Debug|Any CPU
		Release|Any CPU = Release|Any CPU
	EndGlobalSection
	GlobalSection(ProjectConfigurationPlatforms) = postSolution
		{4C666FC1-3B69-415C-BBE2-6CB8DE4D0741}.Debug|Any CPU.ActiveCfg = Debug|Any CPU
		{4C666FC1-3B69-415C-BBE2-6CB8DE4D0741}.Debug|Any CPU.Build.0 = Debug|Any CPU
		{4C666FC1-3B69-415C-BBE2-6CB8DE4D0741}.Release|Any CPU.ActiveCfg = Release|Any CPU
		{4C666FC1-3B69-415C-BBE2-6CB8DE4D0741}.Release|Any CPU.Build.0 = Release|Any CPU
	EndGlobalSection
	GlobalSection(SolutionProperties) = preSolution
		HideSolutionNode = FALSE
	EndGlobalSection
	GlobalSection(ExtensibilityGlobals) = postSolution
		SolutionGuid = {6DA7A202-F636-43F8-A61E-E73222A27DDA}
	EndGlobalSection
EndGlobal
