
Microsoft Visual Studio Solution File, Format Version 12.00
# Visual Studio Version 17
VisualStudioVersion = 17.7.34202.233
MinimumVisualStudioVersion = 10.0.40219.1
Project("{FAE04EC0-301F-11D3-BF4B-00C04F79EFBC}") = "DirectoryTest", "DirectoryTest\DirectoryTest.csproj", "{36394A1F-1DD1-4C25-AE3A-FB77E6C9E7EE}"
EndProject
Global
	GlobalSection(SolutionConfigurationPlatforms) = preSolution
		Debug|Any CPU = Debug|Any CPU
		Release|Any CPU = Release|Any CPU
	EndGlobalSection
	GlobalSection(ProjectConfigurationPlatforms) = postSolution
		{36394A1F-1DD1-4C25-AE3A-FB77E6C9E7EE}.Debug|Any CPU.ActiveCfg = Debug|Any CPU
		{36394A1F-1DD1-4C25-AE3A-FB77E6C9E7EE}.Debug|Any CPU.Build.0 = Debug|Any CPU
		{36394A1F-1DD1-4C25-AE3A-FB77E6C9E7EE}.Release|Any CPU.ActiveCfg = Release|Any CPU
		{36394A1F-1DD1-4C25-AE3A-FB77E6C9E7EE}.Release|Any CPU.Build.0 = Release|Any CPU
	EndGlobalSection
	GlobalSection(SolutionProperties) = preSolution
		HideSolutionNode = FALSE
	EndGlobalSection
	GlobalSection(ExtensibilityGlobals) = postSolution
		SolutionGuid = {FF2ECC9E-8DA4-46AC-817F-4012CA723051}
	EndGlobalSection
EndGlobal
