
Microsoft Visual Studio Solution File, Format Version 12.00
# Visual Studio Version 17
VisualStudioVersion = 17.7.34202.233
MinimumVisualStudioVersion = 10.0.40219.1
Project("{FAE04EC0-301F-11D3-BF4B-00C04F79EFBC}") = "ConversaoImplicitaECasting", "ConversaoImplicitaECasting\ConversaoImplicitaECasting.csproj", "{52D65860-9C80-4FBB-801E-23AEDE061AD4}"
EndProject
Global
	GlobalSection(SolutionConfigurationPlatforms) = preSolution
		Debug|Any CPU = Debug|Any CPU
		Release|Any CPU = Release|Any CPU
	EndGlobalSection
	GlobalSection(ProjectConfigurationPlatforms) = postSolution
		{52D65860-9C80-4FBB-801E-23AEDE061AD4}.Debug|Any CPU.ActiveCfg = Debug|Any CPU
		{52D65860-9C80-4FBB-801E-23AEDE061AD4}.Debug|Any CPU.Build.0 = Debug|Any CPU
		{52D65860-9C80-4FBB-801E-23AEDE061AD4}.Release|Any CPU.ActiveCfg = Release|Any CPU
		{52D65860-9C80-4FBB-801E-23AEDE061AD4}.Release|Any CPU.Build.0 = Release|Any CPU
	EndGlobalSection
	GlobalSection(SolutionProperties) = preSolution
		HideSolutionNode = FALSE
	EndGlobalSection
	GlobalSection(ExtensibilityGlobals) = postSolution
		SolutionGuid = {3E26850A-2E35-4E01-BD12-087FC6B2262E}
	EndGlobalSection
EndGlobal
