
Microsoft Visual Studio Solution File, Format Version 12.00
# Visual Studio Version 17
VisualStudioVersion = 17.7.34202.233
MinimumVisualStudioVersion = 10.0.40219.1
Project("{FAE04EC0-301F-11D3-BF4B-00C04F79EFBC}") = "Func", "Func\Func.csproj", "{36F114FB-B64D-4350-AD52-48420505DF6B}"
EndProject
Global
	GlobalSection(SolutionConfigurationPlatforms) = preSolution
		Debug|Any CPU = Debug|Any CPU
		Release|Any CPU = Release|Any CPU
	EndGlobalSection
	GlobalSection(ProjectConfigurationPlatforms) = postSolution
		{36F114FB-B64D-4350-AD52-48420505DF6B}.Debug|Any CPU.ActiveCfg = Debug|Any CPU
		{36F114FB-B64D-4350-AD52-48420505DF6B}.Debug|Any CPU.Build.0 = Debug|Any CPU
		{36F114FB-B64D-4350-AD52-48420505DF6B}.Release|Any CPU.ActiveCfg = Release|Any CPU
		{36F114FB-B64D-4350-AD52-48420505DF6B}.Release|Any CPU.Build.0 = Release|Any CPU
	EndGlobalSection
	GlobalSection(SolutionProperties) = preSolution
		HideSolutionNode = FALSE
	EndGlobalSection
	GlobalSection(ExtensibilityGlobals) = postSolution
		SolutionGuid = {1EA0A6AE-D776-4149-BFEA-D1D9729E2A49}
	EndGlobalSection
EndGlobal
