
Microsoft Visual Studio Solution File, Format Version 12.00
# Visual Studio Version 17
VisualStudioVersion = 17.7.34202.233
MinimumVisualStudioVersion = 10.0.40219.1
Project("{FAE04EC0-301F-11D3-BF4B-00C04F79EFBC}") = "SwitchCase", "SwitchCase\SwitchCase.csproj", "{185D522A-047C-484D-BBB7-A98FBF984FFD}"
EndProject
Global
	GlobalSection(SolutionConfigurationPlatforms) = preSolution
		Debug|Any CPU = Debug|Any CPU
		Release|Any CPU = Release|Any CPU
	EndGlobalSection
	GlobalSection(ProjectConfigurationPlatforms) = postSolution
		{185D522A-047C-484D-BBB7-A98FBF984FFD}.Debug|Any CPU.ActiveCfg = Debug|Any CPU
		{185D522A-047C-484D-BBB7-A98FBF984FFD}.Debug|Any CPU.Build.0 = Debug|Any CPU
		{185D522A-047C-484D-BBB7-A98FBF984FFD}.Release|Any CPU.ActiveCfg = Release|Any CPU
		{185D522A-047C-484D-BBB7-A98FBF984FFD}.Release|Any CPU.Build.0 = Release|Any CPU
	EndGlobalSection
	GlobalSection(SolutionProperties) = preSolution
		HideSolutionNode = FALSE
	EndGlobalSection
	GlobalSection(ExtensibilityGlobals) = postSolution
		SolutionGuid = {4D762386-CD8C-4C7A-A20F-433CA3DAFDF8}
	EndGlobalSection
EndGlobal
