
Microsoft Visual Studio Solution File, Format Version 12.00
# Visual Studio Version 17
VisualStudioVersion = 17.7.34202.233
MinimumVisualStudioVersion = 10.0.40219.1
Project("{FAE04EC0-301F-11D3-BF4B-00C04F79EFBC}") = "Exercise", "Exercise\Exercise.csproj", "{EC2594BB-B7F7-4EC5-91AE-56D43283C435}"
EndProject
Global
	GlobalSection(SolutionConfigurationPlatforms) = preSolution
		Debug|Any CPU = Debug|Any CPU
		Release|Any CPU = Release|Any CPU
	EndGlobalSection
	GlobalSection(ProjectConfigurationPlatforms) = postSolution
		{EC2594BB-B7F7-4EC5-91AE-56D43283C435}.Debug|Any CPU.ActiveCfg = Debug|Any CPU
		{EC2594BB-B7F7-4EC5-91AE-56D43283C435}.Debug|Any CPU.Build.0 = Debug|Any CPU
		{EC2594BB-B7F7-4EC5-91AE-56D43283C435}.Release|Any CPU.ActiveCfg = Release|Any CPU
		{EC2594BB-B7F7-4EC5-91AE-56D43283C435}.Release|Any CPU.Build.0 = Release|Any CPU
	EndGlobalSection
	GlobalSection(SolutionProperties) = preSolution
		HideSolutionNode = FALSE
	EndGlobalSection
	GlobalSection(ExtensibilityGlobals) = postSolution
		SolutionGuid = {866C8570-49FC-41F4-A48B-DA260EA355FF}
	EndGlobalSection
EndGlobal
