
Microsoft Visual Studio Solution File, Format Version 12.00
# Visual Studio Version 17
VisualStudioVersion = 17.7.34202.233
MinimumVisualStudioVersion = 10.0.40219.1
Project("{FAE04EC0-301F-11D3-BF4B-00C04F79EFBC}") = "PolimorfismoEHerancaExercicio", "PolimorfismoEHerancaExercicio\PolimorfismoEHerancaExercicio.csproj", "{0D62A3E8-E03F-4AA2-97BE-EEF92357B37E}"
EndProject
Global
	GlobalSection(SolutionConfigurationPlatforms) = preSolution
		Debug|Any CPU = Debug|Any CPU
		Release|Any CPU = Release|Any CPU
	EndGlobalSection
	GlobalSection(ProjectConfigurationPlatforms) = postSolution
		{0D62A3E8-E03F-4AA2-97BE-EEF92357B37E}.Debug|Any CPU.ActiveCfg = Debug|Any CPU
		{0D62A3E8-E03F-4AA2-97BE-EEF92357B37E}.Debug|Any CPU.Build.0 = Debug|Any CPU
		{0D62A3E8-E03F-4AA2-97BE-EEF92357B37E}.Release|Any CPU.ActiveCfg = Release|Any CPU
		{0D62A3E8-E03F-4AA2-97BE-EEF92357B37E}.Release|Any CPU.Build.0 = Release|Any CPU
	EndGlobalSection
	GlobalSection(SolutionProperties) = preSolution
		HideSolutionNode = FALSE
	EndGlobalSection
	GlobalSection(ExtensibilityGlobals) = postSolution
		SolutionGuid = {BF7B7E71-F3A0-4772-8EB3-C8BF73058CA0}
	EndGlobalSection
EndGlobal
