
Microsoft Visual Studio Solution File, Format Version 12.00
# Visual Studio Version 17
VisualStudioVersion = 17.7.34202.233
MinimumVisualStudioVersion = 10.0.40219.1
Project("{FAE04EC0-301F-11D3-BF4B-00C04F79EFBC}") = "FixationExerciseInterface", "FixationExerciseInterface\FixationExerciseInterface.csproj", "{344E1D64-C9CB-45E2-B421-D583C6F2B149}"
EndProject
Global
	GlobalSection(SolutionConfigurationPlatforms) = preSolution
		Debug|Any CPU = Debug|Any CPU
		Release|Any CPU = Release|Any CPU
	EndGlobalSection
	GlobalSection(ProjectConfigurationPlatforms) = postSolution
		{344E1D64-C9CB-45E2-B421-D583C6F2B149}.Debug|Any CPU.ActiveCfg = Debug|Any CPU
		{344E1D64-C9CB-45E2-B421-D583C6F2B149}.Debug|Any CPU.Build.0 = Debug|Any CPU
		{344E1D64-C9CB-45E2-B421-D583C6F2B149}.Release|Any CPU.ActiveCfg = Release|Any CPU
		{344E1D64-C9CB-45E2-B421-D583C6F2B149}.Release|Any CPU.Build.0 = Release|Any CPU
	EndGlobalSection
	GlobalSection(SolutionProperties) = preSolution
		HideSolutionNode = FALSE
	EndGlobalSection
	GlobalSection(ExtensibilityGlobals) = postSolution
		SolutionGuid = {E9ADE249-4A02-4E3F-9B49-DF93DC9C9547}
	EndGlobalSection
EndGlobal
