
Microsoft Visual Studio Solution File, Format Version 12.00
# Visual Studio Version 17
VisualStudioVersion = 17.7.34202.233
MinimumVisualStudioVersion = 10.0.40219.1
Project("{FAE04EC0-301F-11D3-BF4B-00C04F79EFBC}") = "Enum1", "Enum1\Enum1.csproj", "{2A03D6C4-DBDF-4349-BEEF-C7B4A4C74F66}"
EndProject
Global
	GlobalSection(SolutionConfigurationPlatforms) = preSolution
		Debug|Any CPU = Debug|Any CPU
		Release|Any CPU = Release|Any CPU
	EndGlobalSection
	GlobalSection(ProjectConfigurationPlatforms) = postSolution
		{2A03D6C4-DBDF-4349-BEEF-C7B4A4C74F66}.Debug|Any CPU.ActiveCfg = Debug|Any CPU
		{2A03D6C4-DBDF-4349-BEEF-C7B4A4C74F66}.Debug|Any CPU.Build.0 = Debug|Any CPU
		{2A03D6C4-DBDF-4349-BEEF-C7B4A4C74F66}.Release|Any CPU.ActiveCfg = Release|Any CPU
		{2A03D6C4-DBDF-4349-BEEF-C7B4A4C74F66}.Release|Any CPU.Build.0 = Release|Any CPU
	EndGlobalSection
	GlobalSection(SolutionProperties) = preSolution
		HideSolutionNode = FALSE
	EndGlobalSection
	GlobalSection(ExtensibilityGlobals) = postSolution
		SolutionGuid = {803923E8-4D76-4FF3-8198-5DE8D14CA208}
	EndGlobalSection
EndGlobal
