
Microsoft Visual Studio Solution File, Format Version 12.00
# Visual Studio Version 17
VisualStudioVersion = 17.9.34723.18
MinimumVisualStudioVersion = 10.0.40219.1
Project("{9A19103F-16F7-4668-BE54-9A1E7A4F7556}") = "TiposDeDados1", "TiposDeDados1\TiposDeDados1.csproj", "{909A114E-25CF-4966-A87E-125BFF9D5175}"
EndProject
Project("{9A19103F-16F7-4668-BE54-9A1E7A4F7556}") = "TiposDeDados2", "TiposDeDados2\TiposDeDados2.csproj", "{EA89F716-C4D4-4955-BEBC-6BD8968D8806}"
EndProject
Project("{9A19103F-16F7-4668-BE54-9A1E7A4F7556}") = "TiposDeDados3", "TipoDeDados3\TiposDeDados3.csproj", "{7A4E2667-9A42-4FA6-AED8-41C2E270D077}"
EndProject
Project("{9A19103F-16F7-4668-BE54-9A1E7A4F7556}") = "TiposDeDados4", "TiposDeDados4\TiposDeDados4.csproj", "{B6A7FAC6-A04F-4C43-82AC-6268CA4BE1CB}"
EndProject
Project("{9A19103F-16F7-4668-BE54-9A1E7A4F7556}") = "TipoDateTime1", "TipoDateTime1\TipoDateTime1.csproj", "{2C8322BD-27A6-4D50-A687-5DD88DAEA4EB}"
EndProject
Project("{9A19103F-16F7-4668-BE54-9A1E7A4F7556}") = "TipoDateTime2", "TipoDateTime2\TipoDateTime2.csproj", "{480950C4-BF45-4817-8BC8-1A8B1AE34E42}"
EndProject
Project("{9A19103F-16F7-4668-BE54-9A1E7A4F7556}") = "NullableTypes1", "NullableTypes1\NullableTypes1.csproj", "{F38A6C27-E299-40BA-A6FC-CD1F2541073F}"
EndProject
Project("{9A19103F-16F7-4668-BE54-9A1E7A4F7556}") = "Identificadores", "Identificadores\Identificadores.csproj", "{3A0D8A65-37AE-4188-8741-E2841F0D10B7}"
EndProject
Project("{9A19103F-16F7-4668-BE54-9A1E7A4F7556}") = "Exercicios1", "Exercicios1\Exercicios1.csproj", "{79136749-DBF3-4031-B109-219FD47D5CF3}"
EndProject
Project("{9A19103F-16F7-4668-BE54-9A1E7A4F7556}") = "SaidaDeDados", "SaidaDeDados\SaidaDeDados.csproj", "{97ACBA64-A53B-432B-A640-2E45E3F123A2}"
EndProject
Project("{9A19103F-16F7-4668-BE54-9A1E7A4F7556}") = "SaidaDeDados2", "SaidaDeDados2\SaidaDeDados2.csproj", "{9ED5F1DB-1BE3-4542-965A-BAA2A7F952F0}"
EndProject
Project("{9A19103F-16F7-4668-BE54-9A1E7A4F7556}") = "ConversaoDeTipos", "ConversaoDeTipos\ConversaoDeTipos.csproj", "{B4BDB9ED-A755-4E14-B9B7-D558D3AFCC86}"
EndProject
Project("{9A19103F-16F7-4668-BE54-9A1E7A4F7556}") = "ConversaoDeTipos2", "ConversaoDeTipos2\ConversaoDeTipos2.csproj", "{E9098486-571A-4B0B-B94C-142A14BC1FAF}"
EndProject
Project("{FAE04EC0-301F-11D3-BF4B-00C04F79EFBC}") = "EntradaDeDados", "EntradaDeDados\EntradaDeDados.csproj", "{F5C9CAA2-EE5D-428E-BE17-45C854897779}"
EndProject
Project("{FAE04EC0-301F-11D3-BF4B-00C04F79EFBC}") = "OperadoresAritmeticos", "OperadoresAritmeticos\OperadoresAritmeticos.csproj", "{B299FAA0-9E04-4F72-95A2-3E1959E820F7}"
EndProject
Project("{FAE04EC0-301F-11D3-BF4B-00C04F79EFBC}") = "InferenciaTipos", "InferenciaTipos\InferenciaTipos.csproj", "{E5D7DF74-53F8-4371-9E41-C573AE001AD0}"
EndProject
Project("{FAE04EC0-301F-11D3-BF4B-00C04F79EFBC}") = "OperadoresAtribuição", "OperadoresAtribuição\OperadoresAtribuição.csproj", "{C4D22E47-67AD-494D-93DD-A644176824E5}"
EndProject
Project("{FAE04EC0-301F-11D3-BF4B-00C04F79EFBC}") = "Constantes", "Constantes\Constantes.csproj", "{A5DB47A0-D894-46BA-9454-BDAA44B14B19}"
EndProject
Project("{FAE04EC0-301F-11D3-BF4B-00C04F79EFBC}") = "OperadoresIncrementoDecremento", "OperadoresIncrementoDecremento\OperadoresIncrementoDecremento.csproj", "{793104E2-F53A-4353-AA9A-44F3913FD3F4}"
EndProject
Project("{FAE04EC0-301F-11D3-BF4B-00C04F79EFBC}") = "OperadoresRelacionais", "OperadoresRelacionais\OperadoresRelacionais.csproj", "{49CC1F34-E845-4701-988B-D2348EEA38DD}"
EndProject
Project("{FAE04EC0-301F-11D3-BF4B-00C04F79EFBC}") = "OperadoresLogicos", "OperadoresLogicos\OperadoresLogicos.csproj", "{79BE4CFE-87DB-4DD5-8E2C-AF5C19A9CAEA}"
EndProject
Project("{FAE04EC0-301F-11D3-BF4B-00C04F79EFBC}") = "PrecedenciaOperadores", "PrecedenciaOperadores\PrecedenciaOperadores.csproj", "{7EC4A616-EECA-4CAD-AA48-FDC9F4772C97}"
EndProject
Global
	GlobalSection(SolutionConfigurationPlatforms) = preSolution
		Debug|Any CPU = Debug|Any CPU
		Release|Any CPU = Release|Any CPU
	EndGlobalSection
	GlobalSection(ProjectConfigurationPlatforms) = postSolution
		{909A114E-25CF-4966-A87E-125BFF9D5175}.Debug|Any CPU.ActiveCfg = Debug|Any CPU
		{909A114E-25CF-4966-A87E-125BFF9D5175}.Debug|Any CPU.Build.0 = Debug|Any CPU
		{909A114E-25CF-4966-A87E-125BFF9D5175}.Release|Any CPU.ActiveCfg = Release|Any CPU
		{909A114E-25CF-4966-A87E-125BFF9D5175}.Release|Any CPU.Build.0 = Release|Any CPU
		{EA89F716-C4D4-4955-BEBC-6BD8968D8806}.Debug|Any CPU.ActiveCfg = Debug|Any CPU
		{EA89F716-C4D4-4955-BEBC-6BD8968D8806}.Debug|Any CPU.Build.0 = Debug|Any CPU
		{EA89F716-C4D4-4955-BEBC-6BD8968D8806}.Release|Any CPU.ActiveCfg = Release|Any CPU
		{EA89F716-C4D4-4955-BEBC-6BD8968D8806}.Release|Any CPU.Build.0 = Release|Any CPU
		{7A4E2667-9A42-4FA6-AED8-41C2E270D077}.Debug|Any CPU.ActiveCfg = Debug|Any CPU
		{7A4E2667-9A42-4FA6-AED8-41C2E270D077}.Debug|Any CPU.Build.0 = Debug|Any CPU
		{7A4E2667-9A42-4FA6-AED8-41C2E270D077}.Release|Any CPU.ActiveCfg = Release|Any CPU
		{7A4E2667-9A42-4FA6-AED8-41C2E270D077}.Release|Any CPU.Build.0 = Release|Any CPU
		{B6A7FAC6-A04F-4C43-82AC-6268CA4BE1CB}.Debug|Any CPU.ActiveCfg = Debug|Any CPU
		{B6A7FAC6-A04F-4C43-82AC-6268CA4BE1CB}.Debug|Any CPU.Build.0 = Debug|Any CPU
		{B6A7FAC6-A04F-4C43-82AC-6268CA4BE1CB}.Release|Any CPU.ActiveCfg = Release|Any CPU
		{B6A7FAC6-A04F-4C43-82AC-6268CA4BE1CB}.Release|Any CPU.Build.0 = Release|Any CPU
		{2C8322BD-27A6-4D50-A687-5DD88DAEA4EB}.Debug|Any CPU.ActiveCfg = Debug|Any CPU
		{2C8322BD-27A6-4D50-A687-5DD88DAEA4EB}.Debug|Any CPU.Build.0 = Debug|Any CPU
		{2C8322BD-27A6-4D50-A687-5DD88DAEA4EB}.Release|Any CPU.ActiveCfg = Release|Any CPU
		{2C8322BD-27A6-4D50-A687-5DD88DAEA4EB}.Release|Any CPU.Build.0 = Release|Any CPU
		{480950C4-BF45-4817-8BC8-1A8B1AE34E42}.Debug|Any CPU.ActiveCfg = Debug|Any CPU
		{480950C4-BF45-4817-8BC8-1A8B1AE34E42}.Debug|Any CPU.Build.0 = Debug|Any CPU
		{480950C4-BF45-4817-8BC8-1A8B1AE34E42}.Release|Any CPU.ActiveCfg = Release|Any CPU
		{480950C4-BF45-4817-8BC8-1A8B1AE34E42}.Release|Any CPU.Build.0 = Release|Any CPU
		{F38A6C27-E299-40BA-A6FC-CD1F2541073F}.Debug|Any CPU.ActiveCfg = Debug|Any CPU
		{F38A6C27-E299-40BA-A6FC-CD1F2541073F}.Debug|Any CPU.Build.0 = Debug|Any CPU
		{F38A6C27-E299-40BA-A6FC-CD1F2541073F}.Release|Any CPU.ActiveCfg = Release|Any CPU
		{F38A6C27-E299-40BA-A6FC-CD1F2541073F}.Release|Any CPU.Build.0 = Release|Any CPU
		{3A0D8A65-37AE-4188-8741-E2841F0D10B7}.Debug|Any CPU.ActiveCfg = Debug|Any CPU
		{3A0D8A65-37AE-4188-8741-E2841F0D10B7}.Debug|Any CPU.Build.0 = Debug|Any CPU
		{3A0D8A65-37AE-4188-8741-E2841F0D10B7}.Release|Any CPU.ActiveCfg = Release|Any CPU
		{3A0D8A65-37AE-4188-8741-E2841F0D10B7}.Release|Any CPU.Build.0 = Release|Any CPU
		{79136749-DBF3-4031-B109-219FD47D5CF3}.Debug|Any CPU.ActiveCfg = Debug|Any CPU
		{79136749-DBF3-4031-B109-219FD47D5CF3}.Debug|Any CPU.Build.0 = Debug|Any CPU
		{79136749-DBF3-4031-B109-219FD47D5CF3}.Release|Any CPU.ActiveCfg = Release|Any CPU
		{79136749-DBF3-4031-B109-219FD47D5CF3}.Release|Any CPU.Build.0 = Release|Any CPU
		{97ACBA64-A53B-432B-A640-2E45E3F123A2}.Debug|Any CPU.ActiveCfg = Debug|Any CPU
		{97ACBA64-A53B-432B-A640-2E45E3F123A2}.Debug|Any CPU.Build.0 = Debug|Any CPU
		{97ACBA64-A53B-432B-A640-2E45E3F123A2}.Release|Any CPU.ActiveCfg = Release|Any CPU
		{97ACBA64-A53B-432B-A640-2E45E3F123A2}.Release|Any CPU.Build.0 = Release|Any CPU
		{9ED5F1DB-1BE3-4542-965A-BAA2A7F952F0}.Debug|Any CPU.ActiveCfg = Debug|Any CPU
		{9ED5F1DB-1BE3-4542-965A-BAA2A7F952F0}.Debug|Any CPU.Build.0 = Debug|Any CPU
		{9ED5F1DB-1BE3-4542-965A-BAA2A7F952F0}.Release|Any CPU.ActiveCfg = Release|Any CPU
		{9ED5F1DB-1BE3-4542-965A-BAA2A7F952F0}.Release|Any CPU.Build.0 = Release|Any CPU
		{B4BDB9ED-A755-4E14-B9B7-D558D3AFCC86}.Debug|Any CPU.ActiveCfg = Debug|Any CPU
		{B4BDB9ED-A755-4E14-B9B7-D558D3AFCC86}.Debug|Any CPU.Build.0 = Debug|Any CPU
		{B4BDB9ED-A755-4E14-B9B7-D558D3AFCC86}.Release|Any CPU.ActiveCfg = Release|Any CPU
		{B4BDB9ED-A755-4E14-B9B7-D558D3AFCC86}.Release|Any CPU.Build.0 = Release|Any CPU
		{E9098486-571A-4B0B-B94C-142A14BC1FAF}.Debug|Any CPU.ActiveCfg = Debug|Any CPU
		{E9098486-571A-4B0B-B94C-142A14BC1FAF}.Debug|Any CPU.Build.0 = Debug|Any CPU
		{E9098486-571A-4B0B-B94C-142A14BC1FAF}.Release|Any CPU.ActiveCfg = Release|Any CPU
		{E9098486-571A-4B0B-B94C-142A14BC1FAF}.Release|Any CPU.Build.0 = Release|Any CPU
		{F5C9CAA2-EE5D-428E-BE17-45C854897779}.Debug|Any CPU.ActiveCfg = Debug|Any CPU
		{F5C9CAA2-EE5D-428E-BE17-45C854897779}.Debug|Any CPU.Build.0 = Debug|Any CPU
		{F5C9CAA2-EE5D-428E-BE17-45C854897779}.Release|Any CPU.ActiveCfg = Release|Any CPU
		{F5C9CAA2-EE5D-428E-BE17-45C854897779}.Release|Any CPU.Build.0 = Release|Any CPU
		{B299FAA0-9E04-4F72-95A2-3E1959E820F7}.Debug|Any CPU.ActiveCfg = Debug|Any CPU
		{B299FAA0-9E04-4F72-95A2-3E1959E820F7}.Debug|Any CPU.Build.0 = Debug|Any CPU
		{B299FAA0-9E04-4F72-95A2-3E1959E820F7}.Release|Any CPU.ActiveCfg = Release|Any CPU
		{B299FAA0-9E04-4F72-95A2-3E1959E820F7}.Release|Any CPU.Build.0 = Release|Any CPU
		{E5D7DF74-53F8-4371-9E41-C573AE001AD0}.Debug|Any CPU.ActiveCfg = Debug|Any CPU
		{E5D7DF74-53F8-4371-9E41-C573AE001AD0}.Debug|Any CPU.Build.0 = Debug|Any CPU
		{E5D7DF74-53F8-4371-9E41-C573AE001AD0}.Release|Any CPU.ActiveCfg = Release|Any CPU
		{E5D7DF74-53F8-4371-9E41-C573AE001AD0}.Release|Any CPU.Build.0 = Release|Any CPU
		{C4D22E47-67AD-494D-93DD-A644176824E5}.Debug|Any CPU.ActiveCfg = Debug|Any CPU
		{C4D22E47-67AD-494D-93DD-A644176824E5}.Debug|Any CPU.Build.0 = Debug|Any CPU
		{C4D22E47-67AD-494D-93DD-A644176824E5}.Release|Any CPU.ActiveCfg = Release|Any CPU
		{C4D22E47-67AD-494D-93DD-A644176824E5}.Release|Any CPU.Build.0 = Release|Any CPU
		{A5DB47A0-D894-46BA-9454-BDAA44B14B19}.Debug|Any CPU.ActiveCfg = Debug|Any CPU
		{A5DB47A0-D894-46BA-9454-BDAA44B14B19}.Debug|Any CPU.Build.0 = Debug|Any CPU
		{A5DB47A0-D894-46BA-9454-BDAA44B14B19}.Release|Any CPU.ActiveCfg = Release|Any CPU
		{A5DB47A0-D894-46BA-9454-BDAA44B14B19}.Release|Any CPU.Build.0 = Release|Any CPU
		{793104E2-F53A-4353-AA9A-44F3913FD3F4}.Debug|Any CPU.ActiveCfg = Debug|Any CPU
		{793104E2-F53A-4353-AA9A-44F3913FD3F4}.Debug|Any CPU.Build.0 = Debug|Any CPU
		{793104E2-F53A-4353-AA9A-44F3913FD3F4}.Release|Any CPU.ActiveCfg = Release|Any CPU
		{793104E2-F53A-4353-AA9A-44F3913FD3F4}.Release|Any CPU.Build.0 = Release|Any CPU
		{49CC1F34-E845-4701-988B-D2348EEA38DD}.Debug|Any CPU.ActiveCfg = Debug|Any CPU
		{49CC1F34-E845-4701-988B-D2348EEA38DD}.Debug|Any CPU.Build.0 = Debug|Any CPU
		{49CC1F34-E845-4701-988B-D2348EEA38DD}.Release|Any CPU.ActiveCfg = Release|Any CPU
		{49CC1F34-E845-4701-988B-D2348EEA38DD}.Release|Any CPU.Build.0 = Release|Any CPU
		{79BE4CFE-87DB-4DD5-8E2C-AF5C19A9CAEA}.Debug|Any CPU.ActiveCfg = Debug|Any CPU
		{79BE4CFE-87DB-4DD5-8E2C-AF5C19A9CAEA}.Debug|Any CPU.Build.0 = Debug|Any CPU
		{79BE4CFE-87DB-4DD5-8E2C-AF5C19A9CAEA}.Release|Any CPU.ActiveCfg = Release|Any CPU
		{79BE4CFE-87DB-4DD5-8E2C-AF5C19A9CAEA}.Release|Any CPU.Build.0 = Release|Any CPU
		{7EC4A616-EECA-4CAD-AA48-FDC9F4772C97}.Debug|Any CPU.ActiveCfg = Debug|Any CPU
		{7EC4A616-EECA-4CAD-AA48-FDC9F4772C97}.Debug|Any CPU.Build.0 = Debug|Any CPU
		{7EC4A616-EECA-4CAD-AA48-FDC9F4772C97}.Release|Any CPU.ActiveCfg = Release|Any CPU
		{7EC4A616-EECA-4CAD-AA48-FDC9F4772C97}.Release|Any CPU.Build.0 = Release|Any CPU
	EndGlobalSection
	GlobalSection(SolutionProperties) = preSolution
		HideSolutionNode = FALSE
	EndGlobalSection
	GlobalSection(ExtensibilityGlobals) = postSolution
		SolutionGuid = {7EEAC7E1-C3DE-4274-B2F2-C56AEE2517EE}
	EndGlobalSection
EndGlobal
