
Microsoft Visual Studio Solution File, Format Version 12.00
# Visual Studio Version 17
VisualStudioVersion = 17.7.34202.233
MinimumVisualStudioVersion = 10.0.40219.1
Project("{FAE04EC0-301F-11D3-BF4B-00C04F79EFBC}") = "ExercicioEnum", "ExercicioEnum\ExercicioEnum.csproj", "{A5535398-A7E7-4ED5-9ECA-9F630E7A9588}"
EndProject
Global
	GlobalSection(SolutionConfigurationPlatforms) = preSolution
		Debug|Any CPU = Debug|Any CPU
		Release|Any CPU = Release|Any CPU
	EndGlobalSection
	GlobalSection(ProjectConfigurationPlatforms) = postSolution
		{A5535398-A7E7-4ED5-9ECA-9F630E7A9588}.Debug|Any CPU.ActiveCfg = Debug|Any CPU
		{A5535398-A7E7-4ED5-9ECA-9F630E7A9588}.Debug|Any CPU.Build.0 = Debug|Any CPU
		{A5535398-A7E7-4ED5-9ECA-9F630E7A9588}.Release|Any CPU.ActiveCfg = Release|Any CPU
		{A5535398-A7E7-4ED5-9ECA-9F630E7A9588}.Release|Any CPU.Build.0 = Release|Any CPU
	EndGlobalSection
	GlobalSection(SolutionProperties) = preSolution
		HideSolutionNode = FALSE
	EndGlobalSection
	GlobalSection(ExtensibilityGlobals) = postSolution
		SolutionGuid = {CDD2F98D-EF1C-4674-A9B4-2E693C814239}
	EndGlobalSection
EndGlobal
