
Microsoft Visual Studio Solution File, Format Version 12.00
# Visual Studio Version 17
VisualStudioVersion = 17.9.34723.18
MinimumVisualStudioVersion = 10.0.40219.1
Project("{9A19103F-16F7-4668-BE54-9A1E7A4F7556}") = "ClassesMetodos", "ClassesMetodos\ClassesMetodos.csproj", "{088E910F-172D-4294-8E88-15F18E645874}"
EndProject
Project("{FAE04EC0-301F-11D3-BF4B-00C04F79EFBC}") = "Metodos", "Metodos\Metodos.csproj", "{370FA2C5-5E0C-4EBA-B307-44C6DFA04EEF}"
EndProject
Project("{FAE04EC0-301F-11D3-BF4B-00C04F79EFBC}") = "MetodosParametros", "MetodosParametros\MetodosParametros.csproj", "{AE247FB0-5D8E-4864-B179-102F3A04BE77}"
EndProject
Global
	GlobalSection(SolutionConfigurationPlatforms) = preSolution
		Debug|Any CPU = Debug|Any CPU
		Release|Any CPU = Release|Any CPU
	EndGlobalSection
	GlobalSection(ProjectConfigurationPlatforms) = postSolution
		{088E910F-172D-4294-8E88-15F18E645874}.Debug|Any CPU.ActiveCfg = Debug|Any CPU
		{088E910F-172D-4294-8E88-15F18E645874}.Debug|Any CPU.Build.0 = Debug|Any CPU
		{088E910F-172D-4294-8E88-15F18E645874}.Release|Any CPU.ActiveCfg = Release|Any CPU
		{088E910F-172D-4294-8E88-15F18E645874}.Release|Any CPU.Build.0 = Release|Any CPU
		{370FA2C5-5E0C-4EBA-B307-44C6DFA04EEF}.Debug|Any CPU.ActiveCfg = Debug|Any CPU
		{370FA2C5-5E0C-4EBA-B307-44C6DFA04EEF}.Debug|Any CPU.Build.0 = Debug|Any CPU
		{370FA2C5-5E0C-4EBA-B307-44C6DFA04EEF}.Release|Any CPU.ActiveCfg = Release|Any CPU
		{370FA2C5-5E0C-4EBA-B307-44C6DFA04EEF}.Release|Any CPU.Build.0 = Release|Any CPU
		{AE247FB0-5D8E-4864-B179-102F3A04BE77}.Debug|Any CPU.ActiveCfg = Debug|Any CPU
		{AE247FB0-5D8E-4864-B179-102F3A04BE77}.Debug|Any CPU.Build.0 = Debug|Any CPU
		{AE247FB0-5D8E-4864-B179-102F3A04BE77}.Release|Any CPU.ActiveCfg = Release|Any CPU
		{AE247FB0-5D8E-4864-B179-102F3A04BE77}.Release|Any CPU.Build.0 = Release|Any CPU
	EndGlobalSection
	GlobalSection(SolutionProperties) = preSolution
		HideSolutionNode = FALSE
	EndGlobalSection
	GlobalSection(ExtensibilityGlobals) = postSolution
		SolutionGuid = {602CF350-A90B-404C-9C1F-1FBA06081336}
	EndGlobalSection
EndGlobal
