
Microsoft Visual Studio Solution File, Format Version 12.00
# Visual Studio Version 17
VisualStudioVersion = 17.10.35027.167
MinimumVisualStudioVersion = 10.0.40219.1
Project("{9A19103F-16F7-4668-BE54-9A1E7A4F7556}") = "POO", "POO\POO.csproj", "{B2B5154D-7C47-4706-A809-E85F34A70FEC}"
EndProject
Project("{FAE04EC0-301F-11D3-BF4B-00C04F79EFBC}") = "Heranca", "Heranca\Heranca.csproj", "{3AE43F32-4C48-4232-B0B9-B4F3BCE05794}"
EndProject
Project("{FAE04EC0-301F-11D3-BF4B-00C04F79EFBC}") = "HerancacomConstrutores", "HerancacomConstrutores\HerancacomConstrutores.csproj", "{D025C81B-2177-4B89-B517-CA028EE61CDE}"
EndProject
Global
	GlobalSection(SolutionConfigurationPlatforms) = preSolution
		Debug|Any CPU = Debug|Any CPU
		Release|Any CPU = Release|Any CPU
	EndGlobalSection
	GlobalSection(ProjectConfigurationPlatforms) = postSolution
		{B2B5154D-7C47-4706-A809-E85F34A70FEC}.Debug|Any CPU.ActiveCfg = Debug|Any CPU
		{B2B5154D-7C47-4706-A809-E85F34A70FEC}.Debug|Any CPU.Build.0 = Debug|Any CPU
		{B2B5154D-7C47-4706-A809-E85F34A70FEC}.Release|Any CPU.ActiveCfg = Release|Any CPU
		{B2B5154D-7C47-4706-A809-E85F34A70FEC}.Release|Any CPU.Build.0 = Release|Any CPU
		{3AE43F32-4C48-4232-B0B9-B4F3BCE05794}.Debug|Any CPU.ActiveCfg = Debug|Any CPU
		{3AE43F32-4C48-4232-B0B9-B4F3BCE05794}.Debug|Any CPU.Build.0 = Debug|Any CPU
		{3AE43F32-4C48-4232-B0B9-B4F3BCE05794}.Release|Any CPU.ActiveCfg = Release|Any CPU
		{3AE43F32-4C48-4232-B0B9-B4F3BCE05794}.Release|Any CPU.Build.0 = Release|Any CPU
		{D025C81B-2177-4B89-B517-CA028EE61CDE}.Debug|Any CPU.ActiveCfg = Debug|Any CPU
		{D025C81B-2177-4B89-B517-CA028EE61CDE}.Debug|Any CPU.Build.0 = Debug|Any CPU
		{D025C81B-2177-4B89-B517-CA028EE61CDE}.Release|Any CPU.ActiveCfg = Release|Any CPU
		{D025C81B-2177-4B89-B517-CA028EE61CDE}.Release|Any CPU.Build.0 = Release|Any CPU
	EndGlobalSection
	GlobalSection(SolutionProperties) = preSolution
		HideSolutionNode = FALSE
	EndGlobalSection
	GlobalSection(ExtensibilityGlobals) = postSolution
		SolutionGuid = {ABBB75F9-A315-430E-9375-6F058FDE10B6}
	EndGlobalSection
EndGlobal
