
Microsoft Visual Studio Solution File, Format Version 12.00
# Visual Studio Version 17
VisualStudioVersion = 17.7.34202.233
MinimumVisualStudioVersion = 10.0.40219.1
Project("{FAE04EC0-301F-11D3-BF4B-00C04F79EFBC}") = "Interface", "Interface\Interface.csproj", "{B74F0E99-D51C-4EFC-B4F3-0852816EFB80}"
EndProject
Global
	GlobalSection(SolutionConfigurationPlatforms) = preSolution
		Debug|Any CPU = Debug|Any CPU
		Release|Any CPU = Release|Any CPU
	EndGlobalSection
	GlobalSection(ProjectConfigurationPlatforms) = postSolution
		{B74F0E99-D51C-4EFC-B4F3-0852816EFB80}.Debug|Any CPU.ActiveCfg = Debug|Any CPU
		{B74F0E99-D51C-4EFC-B4F3-0852816EFB80}.Debug|Any CPU.Build.0 = Debug|Any CPU
		{B74F0E99-D51C-4EFC-B4F3-0852816EFB80}.Release|Any CPU.ActiveCfg = Release|Any CPU
		{B74F0E99-D51C-4EFC-B4F3-0852816EFB80}.Release|Any CPU.Build.0 = Release|Any CPU
	EndGlobalSection
	GlobalSection(SolutionProperties) = preSolution
		HideSolutionNode = FALSE
	EndGlobalSection
	GlobalSection(ExtensibilityGlobals) = postSolution
		SolutionGuid = {3F4F30B2-3EB4-4D56-9B69-BC996ED73F52}
	EndGlobalSection
EndGlobal
