
Microsoft Visual Studio Solution File, Format Version 12.00
# Visual Studio Version 17
VisualStudioVersion = 17.7.34202.233
MinimumVisualStudioVersion = 10.0.40219.1
Project("{FAE04EC0-301F-11D3-BF4B-00C04F79EFBC}") = "ExercicioMatriz", "ExercicioMatriz\ExercicioMatriz.csproj", "{3F04F80B-2BA2-4652-9EE2-3FAFB4325B97}"
EndProject
Global
	GlobalSection(SolutionConfigurationPlatforms) = preSolution
		Debug|Any CPU = Debug|Any CPU
		Release|Any CPU = Release|Any CPU
	EndGlobalSection
	GlobalSection(ProjectConfigurationPlatforms) = postSolution
		{3F04F80B-2BA2-4652-9EE2-3FAFB4325B97}.Debug|Any CPU.ActiveCfg = Debug|Any CPU
		{3F04F80B-2BA2-4652-9EE2-3FAFB4325B97}.Debug|Any CPU.Build.0 = Debug|Any CPU
		{3F04F80B-2BA2-4652-9EE2-3FAFB4325B97}.Release|Any CPU.ActiveCfg = Release|Any CPU
		{3F04F80B-2BA2-4652-9EE2-3FAFB4325B97}.Release|Any CPU.Build.0 = Release|Any CPU
	EndGlobalSection
	GlobalSection(SolutionProperties) = preSolution
		HideSolutionNode = FALSE
	EndGlobalSection
	GlobalSection(ExtensibilityGlobals) = postSolution
		SolutionGuid = {B69F6E82-3204-4DAA-A65A-A23822C156E2}
	EndGlobalSection
EndGlobal
