
Microsoft Visual Studio Solution File, Format Version 12.00
# Visual Studio Version 17
VisualStudioVersion = 17.8.34511.84
MinimumVisualStudioVersion = 10.0.40219.1
Project("{FAE04EC0-301F-11D3-BF4B-00C04F79EFBC}") = "MVC_2022", "MVC_2022\MVC_2022.csproj", "{BC9DE0E9-F76B-4B0C-8E1F-623A4D6F20A7}"
EndProject
Global
	GlobalSection(SolutionConfigurationPlatforms) = preSolution
		Debug|Any CPU = Debug|Any CPU
		Release|Any CPU = Release|Any CPU
	EndGlobalSection
	GlobalSection(ProjectConfigurationPlatforms) = postSolution
		{BC9DE0E9-F76B-4B0C-8E1F-623A4D6F20A7}.Debug|Any CPU.ActiveCfg = Debug|Any CPU
		{BC9DE0E9-F76B-4B0C-8E1F-623A4D6F20A7}.Debug|Any CPU.Build.0 = Debug|Any CPU
		{BC9DE0E9-F76B-4B0C-8E1F-623A4D6F20A7}.Release|Any CPU.ActiveCfg = Release|Any CPU
		{BC9DE0E9-F76B-4B0C-8E1F-623A4D6F20A7}.Release|Any CPU.Build.0 = Release|Any CPU
	EndGlobalSection
	GlobalSection(SolutionProperties) = preSolution
		HideSolutionNode = FALSE
	EndGlobalSection
	GlobalSection(ExtensibilityGlobals) = postSolution
		SolutionGuid = {02E47C05-F3B7-48CC-B87B-7307E76FBFB0}
	EndGlobalSection
EndGlobal
