
Microsoft Visual Studio Solution File, Format Version 12.00
# Visual Studio Version 17
VisualStudioVersion = 17.7.34202.233
MinimumVisualStudioVersion = 10.0.40219.1
Project("{FAE04EC0-301F-11D3-BF4B-00C04F79EFBC}") = "MembrosEstatocps", "MembrosEstatocps\MembrosEstatocps.csproj", "{DA3B6C6A-74A8-4802-A9E3-99B700149C52}"
EndProject
Global
	GlobalSection(SolutionConfigurationPlatforms) = preSolution
		Debug|Any CPU = Debug|Any CPU
		Release|Any CPU = Release|Any CPU
	EndGlobalSection
	GlobalSection(ProjectConfigurationPlatforms) = postSolution
		{DA3B6C6A-74A8-4802-A9E3-99B700149C52}.Debug|Any CPU.ActiveCfg = Debug|Any CPU
		{DA3B6C6A-74A8-4802-A9E3-99B700149C52}.Debug|Any CPU.Build.0 = Debug|Any CPU
		{DA3B6C6A-74A8-4802-A9E3-99B700149C52}.Release|Any CPU.ActiveCfg = Release|Any CPU
		{DA3B6C6A-74A8-4802-A9E3-99B700149C52}.Release|Any CPU.Build.0 = Release|Any CPU
	EndGlobalSection
	GlobalSection(SolutionProperties) = preSolution
		HideSolutionNode = FALSE
	EndGlobalSection
	GlobalSection(ExtensibilityGlobals) = postSolution
		SolutionGuid = {6F97723C-4E1B-4D64-B1B0-C510BE915CA2}
	EndGlobalSection
EndGlobal
