
Microsoft Visual Studio Solution File, Format Version 12.00
# Visual Studio Version 17
VisualStudioVersion = 17.7.34202.233
MinimumVisualStudioVersion = 10.0.40219.1
Project("{FAE04EC0-301F-11D3-BF4B-00C04F79EFBC}") = "OperadoresComparativos", "OperadoresComparativos\OperadoresComparativos.csproj", "{0D5D5FC8-D4C6-4A3E-B51D-2F71FDEB47B8}"
EndProject
Global
	GlobalSection(SolutionConfigurationPlatforms) = preSolution
		Debug|Any CPU = Debug|Any CPU
		Release|Any CPU = Release|Any CPU
	EndGlobalSection
	GlobalSection(ProjectConfigurationPlatforms) = postSolution
		{0D5D5FC8-D4C6-4A3E-B51D-2F71FDEB47B8}.Debug|Any CPU.ActiveCfg = Debug|Any CPU
		{0D5D5FC8-D4C6-4A3E-B51D-2F71FDEB47B8}.Debug|Any CPU.Build.0 = Debug|Any CPU
		{0D5D5FC8-D4C6-4A3E-B51D-2F71FDEB47B8}.Release|Any CPU.ActiveCfg = Release|Any CPU
		{0D5D5FC8-D4C6-4A3E-B51D-2F71FDEB47B8}.Release|Any CPU.Build.0 = Release|Any CPU
	EndGlobalSection
	GlobalSection(SolutionProperties) = preSolution
		HideSolutionNode = FALSE
	EndGlobalSection
	GlobalSection(ExtensibilityGlobals) = postSolution
		SolutionGuid = {757B1118-A247-421F-8186-518E5128EEBA}
	EndGlobalSection
EndGlobal
