
Microsoft Visual Studio Solution File, Format Version 12.00
# Visual Studio Version 17
VisualStudioVersion = 17.7.34202.233
MinimumVisualStudioVersion = 10.0.40219.1
Project("{FAE04EC0-301F-11D3-BF4B-00C04F79EFBC}") = "FuncoesSintaxe", "FuncoesSintaxe\FuncoesSintaxe.csproj", "{9AE6CEAD-26AD-46EC-9F8A-F5C5ACCCFB49}"
EndProject
Global
	GlobalSection(SolutionConfigurationPlatforms) = preSolution
		Debug|Any CPU = Debug|Any CPU
		Release|Any CPU = Release|Any CPU
	EndGlobalSection
	GlobalSection(ProjectConfigurationPlatforms) = postSolution
		{9AE6CEAD-26AD-46EC-9F8A-F5C5ACCCFB49}.Debug|Any CPU.ActiveCfg = Debug|Any CPU
		{9AE6CEAD-26AD-46EC-9F8A-F5C5ACCCFB49}.Debug|Any CPU.Build.0 = Debug|Any CPU
		{9AE6CEAD-26AD-46EC-9F8A-F5C5ACCCFB49}.Release|Any CPU.ActiveCfg = Release|Any CPU
		{9AE6CEAD-26AD-46EC-9F8A-F5C5ACCCFB49}.Release|Any CPU.Build.0 = Release|Any CPU
	EndGlobalSection
	GlobalSection(SolutionProperties) = preSolution
		HideSolutionNode = FALSE
	EndGlobalSection
	GlobalSection(ExtensibilityGlobals) = postSolution
		SolutionGuid = {4D6D85C7-A6B7-4730-97D7-D8162CD6F5B9}
	EndGlobalSection
EndGlobal
