
Microsoft Visual Studio Solution File, Format Version 12.00
# Visual Studio Version 17
VisualStudioVersion = 17.7.34202.233
MinimumVisualStudioVersion = 10.0.40219.1
Project("{FAE04EC0-301F-11D3-BF4B-00C04F79EFBC}") = "Vetores", "Vetores\Vetores.csproj", "{AE7F916C-0C72-4E63-B0ED-B22D5B71AAAF}"
EndProject
Global
	GlobalSection(SolutionConfigurationPlatforms) = preSolution
		Debug|Any CPU = Debug|Any CPU
		Release|Any CPU = Release|Any CPU
	EndGlobalSection
	GlobalSection(ProjectConfigurationPlatforms) = postSolution
		{AE7F916C-0C72-4E63-B0ED-B22D5B71AAAF}.Debug|Any CPU.ActiveCfg = Debug|Any CPU
		{AE7F916C-0C72-4E63-B0ED-B22D5B71AAAF}.Debug|Any CPU.Build.0 = Debug|Any CPU
		{AE7F916C-0C72-4E63-B0ED-B22D5B71AAAF}.Release|Any CPU.ActiveCfg = Release|Any CPU
		{AE7F916C-0C72-4E63-B0ED-B22D5B71AAAF}.Release|Any CPU.Build.0 = Release|Any CPU
	EndGlobalSection
	GlobalSection(SolutionProperties) = preSolution
		HideSolutionNode = FALSE
	EndGlobalSection
	GlobalSection(ExtensibilityGlobals) = postSolution
		SolutionGuid = {F29510A9-2662-4873-94B9-5810732ACD37}
	EndGlobalSection
EndGlobal
